
Microsoft Visual Studio Solution File, Format Version 12.00
# Visual Studio Version 17
VisualStudioVersion = 17.5.33627.172
MinimumVisualStudioVersion = 10.0.40219.1
Project("{9A19103F-16F7-4668-BE54-9A1E7A4F7556}") = "MiniStoreWinF", "MiniStoreWinF\MiniStoreWinF.csproj", "{0386655E-7624-4B3E-B404-243D173A9A39}"
EndProject
Project("{9A19103F-16F7-4668-BE54-9A1E7A4F7556}") = "Repository", "Repository\Repository.csproj", "{CE7D2754-5EBF-41A1-8BAA-D38317153314}"
EndProject
Project("{54435603-DBB4-11D2-8724-00A0C9A8B90C}") = "Setup", "Setup\Setup.vdproj", "{59145E08-2800-4A72-9CD9-9C1DFB825981}"
EndProject
Global
	GlobalSection(SolutionConfigurationPlatforms) = preSolution
		Debug|Any CPU = Debug|Any CPU
		Release|Any CPU = Release|Any CPU
	EndGlobalSection
	GlobalSection(ProjectConfigurationPlatforms) = postSolution
		{0386655E-7624-4B3E-B404-243D173A9A39}.Debug|Any CPU.ActiveCfg = Debug|Any CPU
		{0386655E-7624-4B3E-B404-243D173A9A39}.Debug|Any CPU.Build.0 = Debug|Any CPU
		{0386655E-7624-4B3E-B404-243D173A9A39}.Release|Any CPU.ActiveCfg = Release|Any CPU
		{0386655E-7624-4B3E-B404-243D173A9A39}.Release|Any CPU.Build.0 = Release|Any CPU
		{CE7D2754-5EBF-41A1-8BAA-D38317153314}.Debug|Any CPU.ActiveCfg = Debug|Any CPU
		{CE7D2754-5EBF-41A1-8BAA-D38317153314}.Debug|Any CPU.Build.0 = Debug|Any CPU
		{CE7D2754-5EBF-41A1-8BAA-D38317153314}.Release|Any CPU.ActiveCfg = Release|Any CPU
		{CE7D2754-5EBF-41A1-8BAA-D38317153314}.Release|Any CPU.Build.0 = Release|Any CPU
		{59145E08-2800-4A72-9CD9-9C1DFB825981}.Debug|Any CPU.ActiveCfg = Debug
		{59145E08-2800-4A72-9CD9-9C1DFB825981}.Release|Any CPU.ActiveCfg = Release
	EndGlobalSection
	GlobalSection(SolutionProperties) = preSolution
		HideSolutionNode = FALSE
	EndGlobalSection
	GlobalSection(ExtensibilityGlobals) = postSolution
		SolutionGuid = {72D9D483-A0FF-4A5C-B4F7-5715A4FF43A0}
	EndGlobalSection
EndGlobal
